
Microsoft Visual Studio Solution File, Format Version 12.00
# Visual Studio Version 17
VisualStudioVersion = 17.3.32811.315
MinimumVisualStudioVersion = 10.0.40219.1
Project("{9A19103F-16F7-4668-BE54-9A1E7A4F7556}") = "Solutions", "Solutions\Solutions.csproj", "{F8825896-40CE-4199-8E6E-7FA045258E31}"
EndProject
Project("{FAE04EC0-301F-11D3-BF4B-00C04F79EFBC}") = "TestProject", "TestProject\TestProject.csproj", "{BDA43E2E-4965-42F0-B691-7CEE162578F7}"
EndProject
Global
	GlobalSection(SolutionConfigurationPlatforms) = preSolution
		Debug|Any CPU = Debug|Any CPU
		Release|Any CPU = Release|Any CPU
	EndGlobalSection
	GlobalSection(ProjectConfigurationPlatforms) = postSolution
		{F8825896-40CE-4199-8E6E-7FA045258E31}.Debug|Any CPU.ActiveCfg = Debug|Any CPU
		{F8825896-40CE-4199-8E6E-7FA045258E31}.Debug|Any CPU.Build.0 = Debug|Any CPU
		{F8825896-40CE-4199-8E6E-7FA045258E31}.Release|Any CPU.ActiveCfg = Release|Any CPU
		{F8825896-40CE-4199-8E6E-7FA045258E31}.Release|Any CPU.Build.0 = Release|Any CPU
		{BDA43E2E-4965-42F0-B691-7CEE162578F7}.Debug|Any CPU.ActiveCfg = Debug|Any CPU
		{BDA43E2E-4965-42F0-B691-7CEE162578F7}.Debug|Any CPU.Build.0 = Debug|Any CPU
		{BDA43E2E-4965-42F0-B691-7CEE162578F7}.Release|Any CPU.ActiveCfg = Release|Any CPU
		{BDA43E2E-4965-42F0-B691-7CEE162578F7}.Release|Any CPU.Build.0 = Release|Any CPU
	EndGlobalSection
	GlobalSection(SolutionProperties) = preSolution
		HideSolutionNode = FALSE
	EndGlobalSection
	GlobalSection(ExtensibilityGlobals) = postSolution
		SolutionGuid = {CEB772A6-F65B-4438-BAE2-8B587A908F91}
	EndGlobalSection
EndGlobal
