
Microsoft Visual Studio Solution File, Format Version 12.00
Project("{FAE04EC0-301F-11D3-BF4B-00C04F79EFBC}") = "ConsoleApp", "ConsoleApp\ConsoleApp.csproj", "{C3B1E85A-8A4B-4741-8BD5-1C9F5C347EC0}"
EndProject
Project("{FAE04EC0-301F-11D3-BF4B-00C04F79EFBC}") = "Solutions", "Solutions\Solutions.csproj", "{F8825896-40CE-4199-8E6E-7FA045258E31}"
EndProject
Global
	GlobalSection(SolutionConfigurationPlatforms) = preSolution
		Debug|Any CPU = Debug|Any CPU
		Release|Any CPU = Release|Any CPU
	EndGlobalSection
	GlobalSection(ProjectConfigurationPlatforms) = postSolution
		{C3B1E85A-8A4B-4741-8BD5-1C9F5C347EC0}.Debug|Any CPU.ActiveCfg = Debug|Any CPU
		{C3B1E85A-8A4B-4741-8BD5-1C9F5C347EC0}.Debug|Any CPU.Build.0 = Debug|Any CPU
		{C3B1E85A-8A4B-4741-8BD5-1C9F5C347EC0}.Release|Any CPU.ActiveCfg = Release|Any CPU
		{C3B1E85A-8A4B-4741-8BD5-1C9F5C347EC0}.Release|Any CPU.Build.0 = Release|Any CPU
		{F8825896-40CE-4199-8E6E-7FA045258E31}.Debug|Any CPU.ActiveCfg = Debug|Any CPU
		{F8825896-40CE-4199-8E6E-7FA045258E31}.Debug|Any CPU.Build.0 = Debug|Any CPU
		{F8825896-40CE-4199-8E6E-7FA045258E31}.Release|Any CPU.ActiveCfg = Release|Any CPU
		{F8825896-40CE-4199-8E6E-7FA045258E31}.Release|Any CPU.Build.0 = Release|Any CPU
	EndGlobalSection
EndGlobal
